{
    "_readme": [
        "This file locks the dependencies of your project to a known state",
        "Read more about it at https://getcomposer.org/doc/01-basic-usage.md#installing-dependencies",
        "This file is @generated automatically"
    ],
    "content-hash": "e73ede1f0e20fd0644cf1fb6581859c3",
    "packages": [
        {
            "name": "doctrine/inflector",
            "version": "1.3.x-dev",
            "source": {
                "type": "git",
                "url": "https://github.com/doctrine/inflector.git",
                "reference": "ec3a55242203ffa6a4b27c58176da97ff0a7aec1"
            },
            "dist": {
                "type": "zip",
                "url": "https://api.github.com/repos/doctrine/inflector/zipball/ec3a55242203ffa6a4b27c58176da97ff0a7aec1",
                "reference": "ec3a55242203ffa6a4b27c58176da97ff0a7aec1",
                "shasum": ""
            },
            "require": {
                "php": "^7.1"
            },
            "require-dev": {
                "phpunit/phpunit": "^6.2"
            },
            "type": "library",
            "extra": {
                "branch-alias": {
                    "dev-master": "1.3.x-dev"
                }
            },
            "autoload": {
                "psr-4": {
                    "Doctrine\\Common\\Inflector\\": "lib/Doctrine/Common/Inflector"
                }
            },
            "notification-url": "https://packagist.org/downloads/",
            "license": [
                "MIT"
            ],
            "authors": [
                {
                    "name": "Guilherme Blanco",
                    "email": "guilhermeblanco@gmail.com"
                },
                {
                    "name": "Roman Borschel",
                    "email": "roman@code-factory.org"
                },
                {
                    "name": "Benjamin Eberlei",
                    "email": "kontakt@beberlei.de"
                },
                {
                    "name": "Jonathan Wage",
                    "email": "jonwage@gmail.com"
                },
                {
                    "name": "Johannes Schmitt",
                    "email": "schmittjoh@gmail.com"
                }
            ],
            "description": "Common String Manipulations with regard to casing and singular/plural rules.",
            "homepage": "http://www.doctrine-project.org",
            "keywords": [
                "inflection",
                "pluralize",
                "singularize",
                "string"
            ],
            "time": "2019-10-30T19:59:35+00:00"
        },
        {
            "name": "doctrine/instantiator",
            "version": "dev-master",
            "source": {
                "type": "git",
                "url": "https://github.com/doctrine/instantiator.git",
                "reference": "eca6c638ef64433b2e36a9221826e75e39c65eb9"
            },
            "dist": {
                "type": "zip",
                "url": "https://api.github.com/repos/doctrine/instantiator/zipball/eca6c638ef64433b2e36a9221826e75e39c65eb9",
                "reference": "eca6c638ef64433b2e36a9221826e75e39c65eb9",
                "shasum": ""
            },
            "require": {
                "php": "^7.1"
            },
            "require-dev": {
                "doctrine/coding-standard": "^6.0",
                "ext-pdo": "*",
                "ext-phar": "*",
                "phpbench/phpbench": "^0.13",
                "phpstan/phpstan-phpunit": "^0.11",
                "phpstan/phpstan-shim": "^0.11",
                "phpunit/phpunit": "^7.0"
            },
            "type": "library",
            "extra": {
                "branch-alias": {
                    "dev-master": "1.4.x-dev"
                }
            },
            "autoload": {
                "psr-4": {
                    "Doctrine\\Instantiator\\": "src/Doctrine/Instantiator/"
                }
            },
            "notification-url": "https://packagist.org/downloads/",
            "license": [
                "MIT"
            ],
            "authors": [
                {
                    "name": "Marco Pivetta",
                    "email": "ocramius@gmail.com",
                    "homepage": "http://ocramius.github.com/"
                }
            ],
            "description": "A small, lightweight utility to instantiate objects in PHP without invoking their constructors",
            "homepage": "https://www.doctrine-project.org/projects/instantiator.html",
            "keywords": [
                "constructor",
                "instantiate"
            ],
            "time": "2019-12-06T20:47:21+00:00"
        },
        {
            "name": "johnbillion/extended-cpts",
            "version": "4.3.2",
            "source": {
                "type": "git",
                "url": "https://github.com/johnbillion/extended-cpts.git",
                "reference": "6446170b222869e1e0770c130ead47def5261b51"
            },
            "dist": {
                "type": "zip",
                "url": "https://api.github.com/repos/johnbillion/extended-cpts/zipball/6446170b222869e1e0770c130ead47def5261b51",
                "reference": "6446170b222869e1e0770c130ead47def5261b51",
                "shasum": ""
            },
            "require": {
                "php": "^7.0"
            },
            "require-dev": {
                "automattic/phpcs-neutron-standard": "^1.5",
                "dealerdirect/phpcodesniffer-composer-installer": "^0.5",
                "johnbillion/falsey-assertequals-detector": "^2",
                "johnbillion/php-docs-standards": "^1",
                "phpcompatibility/phpcompatibility-wp": "^2",
                "phpunit/phpunit": "^6",
                "roots/wordpress": "*",
                "vlucas/phpdotenv": "^3",
                "wp-cli/wp-cli-bundle": "^2.1",
                "wp-coding-standards/wpcs": "^2",
                "wp-phpunit/wp-phpunit": "*"
            },
            "suggest": {
                "seravo/wp-custom-bulk-actions": "Custom Bulk Actions",
                "wpackagist-plugin/rewrite-testing": "Rewrite Rule Testing"
            },
            "type": "library",
            "extra": {
                "wordpress-install-dir": "tests/wordpress"
            },
            "autoload": {
                "psr-4": {
                    "ExtCPTs\\Tests\\": "tests/phpunit"
                },
                "files": [
                    "extended-cpts.php"
                ]
            },
            "notification-url": "https://packagist.org/downloads/",
            "license": [
                "GPL-2.0+"
            ],
            "authors": [
                {
                    "name": "John Blackbourn",
                    "homepage": "https://johnblackbourn.com/"
                }
            ],
            "description": "A library which provides extended functionality to WordPress custom post types and taxonomies.",
            "homepage": "https://github.com/johnbillion/extended-cpts/",
            "time": "2019-08-25T21:14:07+00:00"
        },
        {
            "name": "paragonie/constant_time_encoding",
            "version": "v2.3.0",
            "source": {
                "type": "git",
                "url": "https://github.com/paragonie/constant_time_encoding.git",
                "reference": "47a1cedd2e4d52688eb8c96469c05ebc8fd28fa2"
            },
            "dist": {
                "type": "zip",
                "url": "https://api.github.com/repos/paragonie/constant_time_encoding/zipball/47a1cedd2e4d52688eb8c96469c05ebc8fd28fa2",
                "reference": "47a1cedd2e4d52688eb8c96469c05ebc8fd28fa2",
                "shasum": ""
            },
            "require": {
                "php": "^7|^8"
            },
            "require-dev": {
                "phpunit/phpunit": "^6|^7",
                "vimeo/psalm": "^1|^2|^3"
            },
            "type": "library",
            "autoload": {
                "psr-4": {
                    "ParagonIE\\ConstantTime\\": "src/"
                }
            },
            "notification-url": "https://packagist.org/downloads/",
            "license": [
                "MIT"
            ],
            "authors": [
                {
                    "name": "Paragon Initiative Enterprises",
                    "email": "security@paragonie.com",
                    "homepage": "https://paragonie.com",
                    "role": "Maintainer"
                },
                {
                    "name": "Steve 'Sc00bz' Thomas",
                    "email": "steve@tobtu.com",
                    "homepage": "https://www.tobtu.com",
                    "role": "Original Developer"
                }
            ],
            "description": "Constant-time Implementations of RFC 4648 Encoding (Base-64, Base-32, Base-16)",
            "keywords": [
                "base16",
                "base32",
                "base32_decode",
                "base32_encode",
                "base64",
                "base64_decode",
                "base64_encode",
                "bin2hex",
                "encoding",
                "hex",
                "hex2bin",
                "rfc4648"
            ],
            "time": "2019-11-06T19:20:29+00:00"
        },
        {
            "name": "paragonie/halite",
            "version": "v4.6.0",
            "source": {
                "type": "git",
                "url": "https://github.com/paragonie/halite.git",
                "reference": "7b96cdcf355fc7d09c58ee602ba22724bc8545d3"
            },
            "dist": {
                "type": "zip",
                "url": "https://api.github.com/repos/paragonie/halite/zipball/7b96cdcf355fc7d09c58ee602ba22724bc8545d3",
                "reference": "7b96cdcf355fc7d09c58ee602ba22724bc8545d3",
                "shasum": ""
            },
            "require": {
                "paragonie/constant_time_encoding": "^2",
                "paragonie/hidden-string": "^1",
                "paragonie/sodium_compat": "^1.11",
                "php": "^7.2"
            },
            "require-dev": {
                "phpunit/phpunit": "^8",
                "vimeo/psalm": "^3"
            },
            "type": "library",
            "autoload": {
                "psr-4": {
                    "ParagonIE\\Halite\\": "./src"
                }
            },
            "notification-url": "https://packagist.org/downloads/",
            "license": [
                "MPL-2.0"
            ],
            "authors": [
                {
                    "name": "Paragon Initiative Enterprises",
                    "email": "info@paragonie.com",
                    "homepage": "https://paragonie.com"
                }
            ],
            "description": "High-level cryptography interface powered by libsodium",
            "homepage": "https://github.com/paragonie/halite",
            "keywords": [
                "Argon2i",
                "BLAKE",
                "BLAKE2",
                "BLAKE2b",
                "Curve25519",
                "Ed25519",
                "X25519",
                "Xsalsa20",
                "argon2",
                "cryptography",
                "encryption",
                "ext-sodium",
                "hashing",
                "libsodium",
                "password",
                "public-key",
                "signatures",
                "sodium"
            ],
            "time": "2019-09-12T11:49:55+00:00"
        },
        {
            "name": "paragonie/hidden-string",
            "version": "v1.0.0",
            "source": {
                "type": "git",
                "url": "https://github.com/paragonie/hidden-string.git",
                "reference": "0bbb00be0e33b8e1d48fa79ea35cd42d3091a936"
            },
            "dist": {
                "type": "zip",
                "url": "https://api.github.com/repos/paragonie/hidden-string/zipball/0bbb00be0e33b8e1d48fa79ea35cd42d3091a936",
                "reference": "0bbb00be0e33b8e1d48fa79ea35cd42d3091a936",
                "shasum": ""
            },
            "require": {
                "paragonie/constant_time_encoding": "^2",
                "paragonie/sodium_compat": "^1.6",
                "php": "^7"
            },
            "require-dev": {
                "phpunit/phpunit": "^6|^7",
                "vimeo/psalm": "^1"
            },
            "type": "library",
            "autoload": {
                "psr-4": {
                    "ParagonIE\\HiddenString\\": "./src"
                }
            },
            "notification-url": "https://packagist.org/downloads/",
            "license": [
                "MPL-2.0"
            ],
            "authors": [
                {
                    "name": "Paragon Initiative Enterprises",
                    "email": "info@paragonie.com",
                    "homepage": "https://paragonie.com"
                }
            ],
            "description": "Encapsulate strings in an object to hide them from stack traces",
            "homepage": "https://github.com/paragonie/hidden-string",
            "keywords": [
                "hidden",
                "stack trace",
                "string"
            ],
            "time": "2018-05-07T20:28:06+00:00"
        },
        {
            "name": "paragonie/random_compat",
            "version": "dev-master",
            "source": {
                "type": "git",
                "url": "https://github.com/paragonie/random_compat.git",
                "reference": "51813fbc2dc6a9ea8b3ae1d97a688532768e3bc4"
            },
            "dist": {
                "type": "zip",
                "url": "https://api.github.com/repos/paragonie/random_compat/zipball/51813fbc2dc6a9ea8b3ae1d97a688532768e3bc4",
                "reference": "51813fbc2dc6a9ea8b3ae1d97a688532768e3bc4",
                "shasum": ""
            },
            "require": {
                "php": ">=5.2.0"
            },
            "require-dev": {
                "phpunit/phpunit": "4.*|5.*"
            },
            "suggest": {
                "ext-libsodium": "Provides a modern crypto API that can be used to generate random bytes."
            },
            "type": "library",
            "autoload": {
                "files": [
                    "lib/random.php"
                ]
            },
            "notification-url": "https://packagist.org/downloads/",
            "license": [
                "MIT"
            ],
            "authors": [
                {
                    "name": "Paragon Initiative Enterprises",
                    "email": "security@paragonie.com",
                    "homepage": "https://paragonie.com"
                }
            ],
            "description": "PHP 5.x polyfill for random_bytes() and random_int() from PHP 7",
            "keywords": [
                "csprng",
                "polyfill",
                "pseudorandom",
                "random"
            ],
            "time": "2019-10-18T21:30:25+00:00"
        },
        {
            "name": "paragonie/sodium_compat",
            "version": "v1.12.1",
            "source": {
                "type": "git",
                "url": "https://github.com/paragonie/sodium_compat.git",
                "reference": "063cae9b3a7323579063e7037720f5b52b56c178"
            },
            "dist": {
                "type": "zip",
                "url": "https://api.github.com/repos/paragonie/sodium_compat/zipball/063cae9b3a7323579063e7037720f5b52b56c178",
                "reference": "063cae9b3a7323579063e7037720f5b52b56c178",
                "shasum": ""
            },
            "require": {
                "paragonie/random_compat": ">=1",
                "php": "^5.2.4|^5.3|^5.4|^5.5|^5.6|^7|^8"
            },
            "require-dev": {
                "phpunit/phpunit": "^3|^4|^5|^6|^7"
            },
            "suggest": {
                "ext-libsodium": "PHP < 7.0: Better performance, password hashing (Argon2i), secure memory management (memzero), and better security.",
                "ext-sodium": "PHP >= 7.0: Better performance, password hashing (Argon2i), secure memory management (memzero), and better security."
            },
            "type": "library",
            "autoload": {
                "files": [
                    "autoload.php"
                ]
            },
            "notification-url": "https://packagist.org/downloads/",
            "license": [
                "ISC"
            ],
            "authors": [
                {
                    "name": "Paragon Initiative Enterprises",
                    "email": "security@paragonie.com"
                },
                {
                    "name": "Frank Denis",
                    "email": "jedisct1@pureftpd.org"
                }
            ],
            "description": "Pure PHP implementation of libsodium; uses the PHP extension if it exists",
            "keywords": [
                "Authentication",
                "BLAKE2b",
                "ChaCha20",
                "ChaCha20-Poly1305",
                "Chapoly",
                "Curve25519",
                "Ed25519",
                "EdDSA",
                "Edwards-curve Digital Signature Algorithm",
                "Elliptic Curve Diffie-Hellman",
                "Poly1305",
                "Pure-PHP cryptography",
                "RFC 7748",
                "RFC 8032",
                "Salpoly",
                "Salsa20",
                "X25519",
                "XChaCha20-Poly1305",
                "XSalsa20-Poly1305",
                "Xchacha20",
                "Xsalsa20",
                "aead",
                "cryptography",
                "ecdh",
                "elliptic curve",
                "elliptic curve cryptography",
                "encryption",
                "libsodium",
                "php",
                "public-key cryptography",
                "secret-key cryptography",
                "side-channel resistant"
            ],
            "time": "2019-11-07T17:07:24+00:00"
        },
        {
            "name": "stoutlogic/acf-builder",
            "version": "1.8.1",
            "source": {
                "type": "git",
                "url": "https://github.com/StoutLogic/acf-builder.git",
                "reference": "14c923e7f2aa3bccf64fa0ec8be4bde9af333d60"
            },
            "dist": {
                "type": "zip",
                "url": "https://api.github.com/repos/StoutLogic/acf-builder/zipball/14c923e7f2aa3bccf64fa0ec8be4bde9af333d60",
                "reference": "14c923e7f2aa3bccf64fa0ec8be4bde9af333d60",
                "shasum": ""
            },
            "require": {
                "doctrine/inflector": "^1.1",
                "doctrine/instantiator": "^1.0",
                "php": ">=5.4.0"
            },
            "require-dev": {
                "phpdocumentor/reflection-docblock": "2.*",
                "phpunit/phpunit": "4.*",
                "squizlabs/php_codesniffer": "^2.6"
            },
            "type": "library",
            "autoload": {
                "psr-4": {
                    "StoutLogic\\AcfBuilder\\": "src/"
                }
            },
            "notification-url": "https://packagist.org/downloads/",
            "license": [
                "GPL-2.0+"
            ],
            "authors": [
                {
                    "name": "Steve Pfisterer",
                    "email": "steve@stoutlogic.com"
                }
            ],
            "description": "An Advanced Custom Field Configuration Builder",
            "time": "2019-12-06T19:52:47+00:00"
        }
    ],
    "packages-dev": [],
    "aliases": [],
    "minimum-stability": "dev",
    "stability-flags": [],
    "prefer-stable": false,
    "prefer-lowest": false,
    "platform": [],
    "platform-dev": []
}
